
Microsoft Visual Studio Solution File, Format Version 12.00
# Visual Studio 14
VisualStudioVersion = 14.0.25420.1
MinimumVisualStudioVersion = 10.0.40219.1
Project("{00D1A9C2-B5F0-4AF3-8072-F6C62B433612}") = "DB", "DB\DB.sqlproj", "{F45815D9-92EA-4FB1-9F66-9EEA4E274EAD}"
EndProject
Project("{FAE04EC0-301F-11D3-BF4B-00C04F79EFBC}") = "AcccountInventory", "AcccountInventory\AcccountInventory.csproj", "{AC44813D-E814-4251-A340-45E498E722A9}"
EndProject
Global
	GlobalSection(SolutionConfigurationPlatforms) = preSolution
		Debug|Any CPU = Debug|Any CPU
		Release|Any CPU = Release|Any CPU
	EndGlobalSection
	GlobalSection(ProjectConfigurationPlatforms) = postSolution
		{F45815D9-92EA-4FB1-9F66-9EEA4E274EAD}.Debug|Any CPU.ActiveCfg = Debug|Any CPU
		{F45815D9-92EA-4FB1-9F66-9EEA4E274EAD}.Debug|Any CPU.Build.0 = Debug|Any CPU
		{F45815D9-92EA-4FB1-9F66-9EEA4E274EAD}.Debug|Any CPU.Deploy.0 = Debug|Any CPU
		{F45815D9-92EA-4FB1-9F66-9EEA4E274EAD}.Release|Any CPU.ActiveCfg = Release|Any CPU
		{F45815D9-92EA-4FB1-9F66-9EEA4E274EAD}.Release|Any CPU.Build.0 = Release|Any CPU
		{F45815D9-92EA-4FB1-9F66-9EEA4E274EAD}.Release|Any CPU.Deploy.0 = Release|Any CPU
		{AC44813D-E814-4251-A340-45E498E722A9}.Debug|Any CPU.ActiveCfg = Debug|Any CPU
		{AC44813D-E814-4251-A340-45E498E722A9}.Debug|Any CPU.Build.0 = Debug|Any CPU
		{AC44813D-E814-4251-A340-45E498E722A9}.Release|Any CPU.ActiveCfg = Release|Any CPU
		{AC44813D-E814-4251-A340-45E498E722A9}.Release|Any CPU.Build.0 = Release|Any CPU
	EndGlobalSection
	GlobalSection(SolutionProperties) = preSolution
		HideSolutionNode = FALSE
	EndGlobalSection
EndGlobal
